
Microsoft Visual Studio Solution File, Format Version 12.00
# Visual Studio Version 17
VisualStudioVersion = 17.14.36408.4
MinimumVisualStudioVersion = 10.0.40219.1
Project("{FAE04EC0-301F-11D3-BF4B-00C04F79EFBC}") = "TennisScoreboard", "TennisScoreboard.csproj", "{79CF8607-3027-4E76-9A35-65209C1D9C4E}"
EndProject
Project("{FAE04EC0-301F-11D3-BF4B-00C04F79EFBC}") = "UnitTests", "..\UnitTests\UnitTests.csproj", "{1DD7E0BA-59B4-4637-A3AE-FAF393F81D58}"
EndProject
Global
	GlobalSection(SolutionConfigurationPlatforms) = preSolution
		Debug|Any CPU = Debug|Any CPU
		Release|Any CPU = Release|Any CPU
	EndGlobalSection
	GlobalSection(ProjectConfigurationPlatforms) = postSolution
		{79CF8607-3027-4E76-9A35-65209C1D9C4E}.Debug|Any CPU.ActiveCfg = Debug|Any CPU
		{79CF8607-3027-4E76-9A35-65209C1D9C4E}.Debug|Any CPU.Build.0 = Debug|Any CPU
		{79CF8607-3027-4E76-9A35-65209C1D9C4E}.Release|Any CPU.ActiveCfg = Release|Any CPU
		{79CF8607-3027-4E76-9A35-65209C1D9C4E}.Release|Any CPU.Build.0 = Release|Any CPU
		{1DD7E0BA-59B4-4637-A3AE-FAF393F81D58}.Debug|Any CPU.ActiveCfg = Debug|Any CPU
		{1DD7E0BA-59B4-4637-A3AE-FAF393F81D58}.Debug|Any CPU.Build.0 = Debug|Any CPU
		{1DD7E0BA-59B4-4637-A3AE-FAF393F81D58}.Release|Any CPU.ActiveCfg = Release|Any CPU
		{1DD7E0BA-59B4-4637-A3AE-FAF393F81D58}.Release|Any CPU.Build.0 = Release|Any CPU
	EndGlobalSection
	GlobalSection(SolutionProperties) = preSolution
		HideSolutionNode = FALSE
	EndGlobalSection
	GlobalSection(ExtensibilityGlobals) = postSolution
		SolutionGuid = {A5129FBE-8B70-4F05-9C49-15B3239C0334}
	EndGlobalSection
EndGlobal
